{
  "nodes": {
    "home-manager": {
      "inputs": {
        "nixpkgs": [
          "nixpkgs"
        ]
      },
      "locked": {
        "lastModified": 1712386041,
        "narHash": "sha256-dA82pOMQNnCJMAsPG7AXG35VmCSMZsJHTFlTHizpKWQ=",
        "owner": "nix-community",
        "repo": "home-manager",
        "rev": "d6bb9f934f2870e5cbc5b94c79e9db22246141ff",
        "type": "github"
      },
      "original": {
        "owner": "nix-community",
        "ref": "release-23.11",
        "repo": "home-manager",
        "type": "github"
      }
    },
    "nixpkgs": {
      "locked": {
        "lastModified": 1712310679,
        "narHash": "sha256-XgC/a/giEeNkhme/AV1ToipoZ/IVm1MV2ntiK4Tm+pw=",
        "owner": "NixOS",
        "repo": "nixpkgs",
        "rev": "72da83d9515b43550436891f538ff41d68eecc7f",
        "type": "github"
      },
      "original": {
        "id": "nixpkgs",
        "type": "indirect"
      }
    },
    "nixpkgsUnstable": {
      "locked": {
        "lastModified": 1712326628,
        "narHash": "sha256-nBt269/aYBEMnU0d0JtgdE6b+XYvOPc/iqaekMGbRsc=",
        "owner": "NixOS",
        "repo": "nixpkgs",
        "rev": "2a2d89a642706646cc8318cfc5344b5ef38eef4b",
        "type": "github"
      },
      "original": {
        "id": "nixpkgsUnstable",
        "type": "indirect"
      }
    },
    "nu-scripts": {
      "flake": false,
      "locked": {
        "lastModified": 1712144981,
        "narHash": "sha256-eUNTcc48MLq+39C5kvb9C4nbDjNCui1Pr77/fAzmGxA=",
        "owner": "nushell",
        "repo": "nu_scripts",
        "rev": "df90d65eeca2528a078a4b62ece1c626174fd168",
        "type": "github"
      },
      "original": {
        "owner": "nushell",
        "repo": "nu_scripts",
        "type": "github"
      }
    },
    "root": {
      "inputs": {
        "home-manager": "home-manager",
        "nixpkgs": "nixpkgs",
        "nixpkgsUnstable": "nixpkgsUnstable",
        "nu-scripts": "nu-scripts"
      }
    }
  },
  "root": "root",
  "version": 7
}
