{
  "nodes": {
    "doomemacs": {
      "flake": false,
      "locked": {
        "lastModified": 1762312706,
        "narHash": "sha256-R3I8NErGSCd6kSTUBNe7SNcRDUtJ1xl8zvD13C6SrRg=",
        "owner": "doomemacs",
        "repo": "doomemacs",
        "rev": "ead254e15269bf8564625df4c8d2af6690a0df49",
        "type": "github"
      },
      "original": {
        "owner": "doomemacs",
        "ref": "master",
        "repo": "doomemacs",
        "type": "github"
      }
    },
    "home-manager": {
      "inputs": {
        "nixpkgs": [
          "nixpkgs"
        ]
      },
      "locked": {
        "lastModified": 1758817130,
        "narHash": "sha256-RbvCXF54atxJugpCLZ+t37HZZVUyuH2mtI8jd5bh+ks=",
        "owner": "dwb",
        "repo": "home-manager",
        "rev": "3821758dd70ebc98cbbb3b25ffb09c670b5064c7",
        "type": "github"
      },
      "original": {
        "owner": "dwb",
        "ref": "release-25.05-dwb",
        "repo": "home-manager",
        "type": "github"
      }
    },
    "nixpkgs": {
      "locked": {
        "lastModified": 1763577805,
        "narHash": "sha256-DsvgLsHIhNWFbaQaao/LL1bWEnFPBF6+vTjNc6wE69k=",
        "owner": "NixOS",
        "repo": "nixpkgs",
        "rev": "87205ae8582ac858698526e0a53e3f2ac825f06d",
        "type": "github"
      },
      "original": {
        "owner": "NixOS",
        "ref": "release-25.05",
        "repo": "nixpkgs",
        "type": "github"
      }
    },
    "nixpkgsUnstable": {
      "locked": {
        "lastModified": 1763464769,
        "narHash": "sha256-AJHrsT7VoeQzErpBRlLJM1SODcaayp0joAoEA35yiwM=",
        "owner": "NixOS",
        "repo": "nixpkgs",
        "rev": "6f374686605df381de8541c072038472a5ea2e2d",
        "type": "github"
      },
      "original": {
        "owner": "NixOS",
        "ref": "nixpkgs-unstable",
        "repo": "nixpkgs",
        "type": "github"
      }
    },
    "nu-scripts": {
      "flake": false,
      "locked": {
        "lastModified": 1762863367,
        "narHash": "sha256-oxnXzxQkNccCs36j+aMzg4QGHDcX7niJruqxCkeg0LM=",
        "owner": "nushell",
        "repo": "nu_scripts",
        "rev": "ff8092707054ad091d67bd408374a39977e33c1b",
        "type": "github"
      },
      "original": {
        "owner": "nushell",
        "repo": "nu_scripts",
        "type": "github"
      }
    },
    "root": {
      "inputs": {
        "doomemacs": "doomemacs",
        "home-manager": "home-manager",
        "nixpkgs": "nixpkgs",
        "nixpkgsUnstable": "nixpkgsUnstable",
        "nu-scripts": "nu-scripts"
      }
    }
  },
  "root": "root",
  "version": 7
}
