{
  "nodes": {
    "doomemacs": {
      "flake": false,
      "locked": {
        "lastModified": 1749895289,
        "narHash": "sha256-b1Hl70p4OOWkcTtXRiJ3Ker9gzOjAoZfwNqxlmE1s7g=",
        "owner": "doomemacs",
        "repo": "doomemacs",
        "rev": "e6c755305358412a71a990fc2cf592c629edde1e",
        "type": "github"
      },
      "original": {
        "owner": "doomemacs",
        "ref": "master",
        "repo": "doomemacs",
        "type": "github"
      }
    },
    "home-manager": {
      "inputs": {
        "nixpkgs": [
          "nixpkgs"
        ]
      },
      "locked": {
        "lastModified": 1749154018,
        "narHash": "sha256-gjN3j7joRvT3a8Zgcylnd4NFsnXeDBumqiu4HmY1RIg=",
        "owner": "nix-community",
        "repo": "home-manager",
        "rev": "7aae0ee71a17b19708b93b3ed448a1a0952bf111",
        "type": "github"
      },
      "original": {
        "owner": "nix-community",
        "ref": "release-25.05",
        "repo": "home-manager",
        "type": "github"
      }
    },
    "nixpkgs": {
      "locked": {
        "lastModified": 1749493485,
        "narHash": "sha256-zy4YhX5wLBFJuA2oz3pPzlut/sb5MV72Ln92qfUeNSQ=",
        "owner": "NixOS",
        "repo": "nixpkgs",
        "rev": "d30597a36ef3202bf12dcf7357d8c7214c4d58bf",
        "type": "github"
      },
      "original": {
        "owner": "NixOS",
        "ref": "release-25.05",
        "repo": "nixpkgs",
        "type": "github"
      }
    },
    "nixpkgsUnstable": {
      "locked": {
        "lastModified": 1749401433,
        "narHash": "sha256-HXIQzULIG/MEUW2Q/Ss47oE3QrjxvpUX7gUl4Xp6lnc=",
        "owner": "NixOS",
        "repo": "nixpkgs",
        "rev": "08fcb0dcb59df0344652b38ea6326a2d8271baff",
        "type": "github"
      },
      "original": {
        "owner": "NixOS",
        "ref": "nixpkgs-unstable",
        "repo": "nixpkgs",
        "type": "github"
      }
    },
    "nu-scripts": {
      "flake": false,
      "locked": {
        "lastModified": 1749467358,
        "narHash": "sha256-j8jZQxsN2xrR3odVJOldKnW6hvga+/7xCGZ6UONIaJc=",
        "owner": "nushell",
        "repo": "nu_scripts",
        "rev": "2e39c27560d7b49d0e44b46738414d264d86a855",
        "type": "github"
      },
      "original": {
        "owner": "nushell",
        "repo": "nu_scripts",
        "type": "github"
      }
    },
    "root": {
      "inputs": {
        "doomemacs": "doomemacs",
        "home-manager": "home-manager",
        "nixpkgs": "nixpkgs",
        "nixpkgsUnstable": "nixpkgsUnstable",
        "nu-scripts": "nu-scripts"
      }
    }
  },
  "root": "root",
  "version": 7
}
